
Microsoft Visual Studio Solution File, Format Version 12.00
# Visual Studio Version 17
VisualStudioVersion = 17.9.34622.214
MinimumVisualStudioVersion = 10.0.40219.1
Project("{FAE04EC0-301F-11D3-BF4B-00C04F79EFBC}") = "budget-server", "budget-server\budget-server.csproj", "{80A933C8-4465-4A91-AE84-4D9CFF975907}"
EndProject
Global
	GlobalSection(SolutionConfigurationPlatforms) = preSolution
		Debug|Any CPU = Debug|Any CPU
		Release|Any CPU = Release|Any CPU
	EndGlobalSection
	GlobalSection(ProjectConfigurationPlatforms) = postSolution
		{80A933C8-4465-4A91-AE84-4D9CFF975907}.Debug|Any CPU.ActiveCfg = Debug|Any CPU
		{80A933C8-4465-4A91-AE84-4D9CFF975907}.Debug|Any CPU.Build.0 = Debug|Any CPU
		{80A933C8-4465-4A91-AE84-4D9CFF975907}.Release|Any CPU.ActiveCfg = Release|Any CPU
		{80A933C8-4465-4A91-AE84-4D9CFF975907}.Release|Any CPU.Build.0 = Release|Any CPU
	EndGlobalSection
	GlobalSection(SolutionProperties) = preSolution
		HideSolutionNode = FALSE
	EndGlobalSection
	GlobalSection(ExtensibilityGlobals) = postSolution
		SolutionGuid = {632CABA0-0AC2-455B-959C-294B84CF797D}
	EndGlobalSection
EndGlobal
